
Microsoft Visual Studio Solution File, Format Version 12.00
# Visual Studio Version 17
VisualStudioVersion = 17.14.36616.10 d17.14
MinimumVisualStudioVersion = 10.0.40219.1
Project("{FAE04EC0-301F-11D3-BF4B-00C04F79EFBC}") = "MilesCarRental", "MilesCarRental\MilesCarRental.csproj", "{9A0F8FCF-B377-4F26-A3BA-5712382D09BD}"
EndProject
Project("{FAE04EC0-301F-11D3-BF4B-00C04F79EFBC}") = "Application", "Application\Application.csproj", "{7371B7F3-61A2-4725-B5C7-4752E1F83E8B}"
EndProject
Project("{FAE04EC0-301F-11D3-BF4B-00C04F79EFBC}") = "Domain", "Domain\Domain.csproj", "{DC89E902-D2D4-41AA-9A86-1C2231AECE52}"
EndProject
Project("{FAE04EC0-301F-11D3-BF4B-00C04F79EFBC}") = "Infrastructure", "Infrastructure\Infrastructure.csproj", "{2AA1AE18-2AE0-4C24-A576-CA68141F181C}"
EndProject
Project("{FAE04EC0-301F-11D3-BF4B-00C04F79EFBC}") = "Tests", "Tests\Tests.csproj", "{0257D45D-61AA-4CB1-8378-992B26F5231A}"
EndProject
Global
	GlobalSection(SolutionConfigurationPlatforms) = preSolution
		Debug|Any CPU = Debug|Any CPU
		Release|Any CPU = Release|Any CPU
	EndGlobalSection
	GlobalSection(ProjectConfigurationPlatforms) = postSolution
		{9A0F8FCF-B377-4F26-A3BA-5712382D09BD}.Debug|Any CPU.ActiveCfg = Debug|Any CPU
		{9A0F8FCF-B377-4F26-A3BA-5712382D09BD}.Debug|Any CPU.Build.0 = Debug|Any CPU
		{9A0F8FCF-B377-4F26-A3BA-5712382D09BD}.Release|Any CPU.ActiveCfg = Release|Any CPU
		{9A0F8FCF-B377-4F26-A3BA-5712382D09BD}.Release|Any CPU.Build.0 = Release|Any CPU
		{7371B7F3-61A2-4725-B5C7-4752E1F83E8B}.Debug|Any CPU.ActiveCfg = Debug|Any CPU
		{7371B7F3-61A2-4725-B5C7-4752E1F83E8B}.Debug|Any CPU.Build.0 = Debug|Any CPU
		{7371B7F3-61A2-4725-B5C7-4752E1F83E8B}.Release|Any CPU.ActiveCfg = Release|Any CPU
		{7371B7F3-61A2-4725-B5C7-4752E1F83E8B}.Release|Any CPU.Build.0 = Release|Any CPU
		{DC89E902-D2D4-41AA-9A86-1C2231AECE52}.Debug|Any CPU.ActiveCfg = Debug|Any CPU
		{DC89E902-D2D4-41AA-9A86-1C2231AECE52}.Debug|Any CPU.Build.0 = Debug|Any CPU
		{DC89E902-D2D4-41AA-9A86-1C2231AECE52}.Release|Any CPU.ActiveCfg = Release|Any CPU
		{DC89E902-D2D4-41AA-9A86-1C2231AECE52}.Release|Any CPU.Build.0 = Release|Any CPU
		{2AA1AE18-2AE0-4C24-A576-CA68141F181C}.Debug|Any CPU.ActiveCfg = Debug|Any CPU
		{2AA1AE18-2AE0-4C24-A576-CA68141F181C}.Debug|Any CPU.Build.0 = Debug|Any CPU
		{2AA1AE18-2AE0-4C24-A576-CA68141F181C}.Release|Any CPU.ActiveCfg = Release|Any CPU
		{2AA1AE18-2AE0-4C24-A576-CA68141F181C}.Release|Any CPU.Build.0 = Release|Any CPU
		{0257D45D-61AA-4CB1-8378-992B26F5231A}.Debug|Any CPU.ActiveCfg = Debug|Any CPU
		{0257D45D-61AA-4CB1-8378-992B26F5231A}.Debug|Any CPU.Build.0 = Debug|Any CPU
		{0257D45D-61AA-4CB1-8378-992B26F5231A}.Release|Any CPU.ActiveCfg = Release|Any CPU
		{0257D45D-61AA-4CB1-8378-992B26F5231A}.Release|Any CPU.Build.0 = Release|Any CPU
	EndGlobalSection
	GlobalSection(SolutionProperties) = preSolution
		HideSolutionNode = FALSE
	EndGlobalSection
	GlobalSection(ExtensibilityGlobals) = postSolution
		SolutionGuid = {69D8C619-3E5B-41DF-9BD6-047C63C3F6AA}
	EndGlobalSection
EndGlobal
